
Microsoft Visual Studio Solution File, Format Version 12.00
# Visual Studio Version 17
VisualStudioVersion = 17.9.34616.47
MinimumVisualStudioVersion = 10.0.40219.1
Project("{FAE04EC0-301F-11D3-BF4B-00C04F79EFBC}") = "tpmod6_130220141", "tpmod6_130220141\tpmod6_130220141.csproj", "{D75F4777-A27F-4C2A-B90C-82B806AFA9BA}"
EndProject
Global
	GlobalSection(SolutionConfigurationPlatforms) = preSolution
		Debug|Any CPU = Debug|Any CPU
		Release|Any CPU = Release|Any CPU
	EndGlobalSection
	GlobalSection(ProjectConfigurationPlatforms) = postSolution
		{D75F4777-A27F-4C2A-B90C-82B806AFA9BA}.Debug|Any CPU.ActiveCfg = Debug|Any CPU
		{D75F4777-A27F-4C2A-B90C-82B806AFA9BA}.Debug|Any CPU.Build.0 = Debug|Any CPU
		{D75F4777-A27F-4C2A-B90C-82B806AFA9BA}.Release|Any CPU.ActiveCfg = Release|Any CPU
		{D75F4777-A27F-4C2A-B90C-82B806AFA9BA}.Release|Any CPU.Build.0 = Release|Any CPU
	EndGlobalSection
	GlobalSection(SolutionProperties) = preSolution
		HideSolutionNode = FALSE
	EndGlobalSection
	GlobalSection(ExtensibilityGlobals) = postSolution
		SolutionGuid = {2929774F-6D96-4C28-A1A4-9CE33FC2DCFC}
	EndGlobalSection
EndGlobal
